
Microsoft Visual Studio Solution File, Format Version 10.00
# Visual Studio 2008
Project("{8BC9CEB8-8B4A-11D0-8D11-00A0C91BC942}") = "ShowFonts", "ShowFonts\ShowFonts.vcproj", "{6285A801-E33A-4170-97E2-3FA8A9F0608B}"
	ProjectSection(ProjectDependencies) = postProject
		{680B9B67-C1C7-4E37-926E-26A79A7393A3} = {680B9B67-C1C7-4E37-926E-26A79A7393A3}
	EndProjectSection
EndProject
Project("{8BC9CEB8-8B4A-11D0-8D11-00A0C91BC942}") = "Miraledon", "..\Miraledon\Miraledon.vcproj", "{680B9B67-C1C7-4E37-926E-26A79A7393A3}"
EndProject
Global
	GlobalSection(SolutionConfigurationPlatforms) = preSolution
		Debug|Win32 = Debug|Win32
		Release|Win32 = Release|Win32
	EndGlobalSection
	GlobalSection(ProjectConfigurationPlatforms) = postSolution
		{6285A801-E33A-4170-97E2-3FA8A9F0608B}.Debug|Win32.ActiveCfg = Debug|Win32
		{6285A801-E33A-4170-97E2-3FA8A9F0608B}.Debug|Win32.Build.0 = Debug|Win32
		{6285A801-E33A-4170-97E2-3FA8A9F0608B}.Release|Win32.ActiveCfg = Release|Win32
		{6285A801-E33A-4170-97E2-3FA8A9F0608B}.Release|Win32.Build.0 = Release|Win32
		{680B9B67-C1C7-4E37-926E-26A79A7393A3}.Debug|Win32.ActiveCfg = Debug|Win32
		{680B9B67-C1C7-4E37-926E-26A79A7393A3}.Debug|Win32.Build.0 = Debug|Win32
		{680B9B67-C1C7-4E37-926E-26A79A7393A3}.Release|Win32.ActiveCfg = Release|Win32
		{680B9B67-C1C7-4E37-926E-26A79A7393A3}.Release|Win32.Build.0 = Release|Win32
	EndGlobalSection
	GlobalSection(SolutionProperties) = preSolution
		HideSolutionNode = FALSE
	EndGlobalSection
EndGlobal
